
Microsoft Visual Studio Solution File, Format Version 12.00
# Visual Studio Version 16
VisualStudioVersion = 16.0.31019.35
MinimumVisualStudioVersion = 10.0.40219.1
Project("{FAE04EC0-301F-11D3-BF4B-00C04F79EFBC}") = "TomasBlencioTpFinal.BL", "TomasBlencioTpFinal.BL\TomasBlencioTpFinal.BL.csproj", "{0EEED926-7A81-482E-8F8F-267867C3EABF}"
EndProject
Project("{FAE04EC0-301F-11D3-BF4B-00C04F79EFBC}") = "TomasBlencioTpFinal.DL", "TomasBlencioTpFinal.DL\TomasBlencioTpFinal.DL.csproj", "{94D5AF00-6940-4BED-8517-4BF4BA714CA9}"
EndProject
Project("{FAE04EC0-301F-11D3-BF4B-00C04F79EFBC}") = "TomasBlencioTpFinal.Windows", "TomasBlencioTpFinal.Windows\TomasBlencioTpFinal.Windows.csproj", "{B93F919B-BEA7-4FB2-9ED7-1CEA37A0E68D}"
EndProject
Global
	GlobalSection(SolutionConfigurationPlatforms) = preSolution
		Debug|Any CPU = Debug|Any CPU
		Release|Any CPU = Release|Any CPU
	EndGlobalSection
	GlobalSection(ProjectConfigurationPlatforms) = postSolution
		{0EEED926-7A81-482E-8F8F-267867C3EABF}.Debug|Any CPU.ActiveCfg = Debug|Any CPU
		{0EEED926-7A81-482E-8F8F-267867C3EABF}.Debug|Any CPU.Build.0 = Debug|Any CPU
		{0EEED926-7A81-482E-8F8F-267867C3EABF}.Release|Any CPU.ActiveCfg = Release|Any CPU
		{0EEED926-7A81-482E-8F8F-267867C3EABF}.Release|Any CPU.Build.0 = Release|Any CPU
		{94D5AF00-6940-4BED-8517-4BF4BA714CA9}.Debug|Any CPU.ActiveCfg = Debug|Any CPU
		{94D5AF00-6940-4BED-8517-4BF4BA714CA9}.Debug|Any CPU.Build.0 = Debug|Any CPU
		{94D5AF00-6940-4BED-8517-4BF4BA714CA9}.Release|Any CPU.ActiveCfg = Release|Any CPU
		{94D5AF00-6940-4BED-8517-4BF4BA714CA9}.Release|Any CPU.Build.0 = Release|Any CPU
		{B93F919B-BEA7-4FB2-9ED7-1CEA37A0E68D}.Debug|Any CPU.ActiveCfg = Debug|Any CPU
		{B93F919B-BEA7-4FB2-9ED7-1CEA37A0E68D}.Debug|Any CPU.Build.0 = Debug|Any CPU
		{B93F919B-BEA7-4FB2-9ED7-1CEA37A0E68D}.Release|Any CPU.ActiveCfg = Release|Any CPU
		{B93F919B-BEA7-4FB2-9ED7-1CEA37A0E68D}.Release|Any CPU.Build.0 = Release|Any CPU
	EndGlobalSection
	GlobalSection(SolutionProperties) = preSolution
		HideSolutionNode = FALSE
	EndGlobalSection
	GlobalSection(ExtensibilityGlobals) = postSolution
		SolutionGuid = {0D93C8C1-1DD1-4FED-8D04-0C8F36521A76}
	EndGlobalSection
EndGlobal
